
Microsoft Visual Studio Solution File, Format Version 12.00
# Visual Studio 2012
Project("{FAE04EC0-301F-11D3-BF4B-00C04F79EFBC}") = "ReactiveCloudant", "ReactiveCloudant\ReactiveCloudant.csproj", "{6A66C082-3C4F-4223-B279-11919A151E7F}"
EndProject
Project("{FAE04EC0-301F-11D3-BF4B-00C04F79EFBC}") = "ReactiveCloudant.UnitTests", "ReactiveCloudant.UnitTests\ReactiveCloudant.UnitTests.csproj", "{DA9CE4C2-02D5-4BB5-8B56-984AABB481CA}"
EndProject
Global
	GlobalSection(SolutionConfigurationPlatforms) = preSolution
		Debug|Any CPU = Debug|Any CPU
		Release|Any CPU = Release|Any CPU
	EndGlobalSection
	GlobalSection(ProjectConfigurationPlatforms) = postSolution
		{6A66C082-3C4F-4223-B279-11919A151E7F}.Debug|Any CPU.ActiveCfg = Debug|Any CPU
		{6A66C082-3C4F-4223-B279-11919A151E7F}.Debug|Any CPU.Build.0 = Debug|Any CPU
		{6A66C082-3C4F-4223-B279-11919A151E7F}.Release|Any CPU.ActiveCfg = Release|Any CPU
		{6A66C082-3C4F-4223-B279-11919A151E7F}.Release|Any CPU.Build.0 = Release|Any CPU
		{DA9CE4C2-02D5-4BB5-8B56-984AABB481CA}.Debug|Any CPU.ActiveCfg = Debug|Any CPU
		{DA9CE4C2-02D5-4BB5-8B56-984AABB481CA}.Debug|Any CPU.Build.0 = Debug|Any CPU
		{DA9CE4C2-02D5-4BB5-8B56-984AABB481CA}.Release|Any CPU.ActiveCfg = Release|Any CPU
		{DA9CE4C2-02D5-4BB5-8B56-984AABB481CA}.Release|Any CPU.Build.0 = Release|Any CPU
	EndGlobalSection
	GlobalSection(SolutionProperties) = preSolution
		HideSolutionNode = FALSE
	EndGlobalSection
EndGlobal
